
Microsoft Visual Studio Solution File, Format Version 12.00
# Visual Studio Version 17
VisualStudioVersion = 17.8.34316.72
MinimumVisualStudioVersion = 10.0.40219.1
Project("{FAE04EC0-301F-11D3-BF4B-00C04F79EFBC}") = "Lab_W_Students_01_26_2024", "Lab_W_Students_01_26_2024\Lab_W_Students_01_26_2024.csproj", "{4F91F8F0-27BD-42FF-8129-17FFBB721AA2}"
EndProject
Project("{FAE04EC0-301F-11D3-BF4B-00C04F79EFBC}") = "Core", "Core\Core.csproj", "{717430FF-3ADC-408D-BDD3-CEAA09E78CFA}"
EndProject
Project("{FAE04EC0-301F-11D3-BF4B-00C04F79EFBC}") = "DataAccess", "DataAccess\DataAccess.csproj", "{C856C8E9-09F4-4CC4-BBE4-36CAE4C07FE2}"
EndProject
Global
	GlobalSection(SolutionConfigurationPlatforms) = preSolution
		Debug|Any CPU = Debug|Any CPU
		Release|Any CPU = Release|Any CPU
	EndGlobalSection
	GlobalSection(ProjectConfigurationPlatforms) = postSolution
		{4F91F8F0-27BD-42FF-8129-17FFBB721AA2}.Debug|Any CPU.ActiveCfg = Debug|Any CPU
		{4F91F8F0-27BD-42FF-8129-17FFBB721AA2}.Debug|Any CPU.Build.0 = Debug|Any CPU
		{4F91F8F0-27BD-42FF-8129-17FFBB721AA2}.Release|Any CPU.ActiveCfg = Release|Any CPU
		{4F91F8F0-27BD-42FF-8129-17FFBB721AA2}.Release|Any CPU.Build.0 = Release|Any CPU
		{717430FF-3ADC-408D-BDD3-CEAA09E78CFA}.Debug|Any CPU.ActiveCfg = Debug|Any CPU
		{717430FF-3ADC-408D-BDD3-CEAA09E78CFA}.Debug|Any CPU.Build.0 = Debug|Any CPU
		{717430FF-3ADC-408D-BDD3-CEAA09E78CFA}.Release|Any CPU.ActiveCfg = Release|Any CPU
		{717430FF-3ADC-408D-BDD3-CEAA09E78CFA}.Release|Any CPU.Build.0 = Release|Any CPU
		{C856C8E9-09F4-4CC4-BBE4-36CAE4C07FE2}.Debug|Any CPU.ActiveCfg = Debug|Any CPU
		{C856C8E9-09F4-4CC4-BBE4-36CAE4C07FE2}.Debug|Any CPU.Build.0 = Debug|Any CPU
		{C856C8E9-09F4-4CC4-BBE4-36CAE4C07FE2}.Release|Any CPU.ActiveCfg = Release|Any CPU
		{C856C8E9-09F4-4CC4-BBE4-36CAE4C07FE2}.Release|Any CPU.Build.0 = Release|Any CPU
	EndGlobalSection
	GlobalSection(SolutionProperties) = preSolution
		HideSolutionNode = FALSE
	EndGlobalSection
	GlobalSection(ExtensibilityGlobals) = postSolution
		SolutionGuid = {E68B052A-33FF-4537-9E3F-89D64EF24E83}
	EndGlobalSection
EndGlobal
