
Microsoft Visual Studio Solution File, Format Version 12.00
# Visual Studio Version 17
VisualStudioVersion = 17.7.34031.279
MinimumVisualStudioVersion = 10.0.40219.1
Project("{FAE04EC0-301F-11D3-BF4B-00C04F79EFBC}") = "Lab_W_Students_09_29_2023", "Lab_W_Students_09_29_2023\Lab_W_Students_09_29_2023.csproj", "{042262A9-4C17-4ACD-B802-DE7E96C300F8}"
EndProject
Project("{FAE04EC0-301F-11D3-BF4B-00C04F79EFBC}") = "Core", "Core\Core.csproj", "{2D2AD803-AD41-4C41-9AF7-7B89BCD536AE}"
EndProject
Global
	GlobalSection(SolutionConfigurationPlatforms) = preSolution
		Debug|Any CPU = Debug|Any CPU
		Release|Any CPU = Release|Any CPU
	EndGlobalSection
	GlobalSection(ProjectConfigurationPlatforms) = postSolution
		{042262A9-4C17-4ACD-B802-DE7E96C300F8}.Debug|Any CPU.ActiveCfg = Debug|Any CPU
		{042262A9-4C17-4ACD-B802-DE7E96C300F8}.Debug|Any CPU.Build.0 = Debug|Any CPU
		{042262A9-4C17-4ACD-B802-DE7E96C300F8}.Release|Any CPU.ActiveCfg = Release|Any CPU
		{042262A9-4C17-4ACD-B802-DE7E96C300F8}.Release|Any CPU.Build.0 = Release|Any CPU
		{2D2AD803-AD41-4C41-9AF7-7B89BCD536AE}.Debug|Any CPU.ActiveCfg = Debug|Any CPU
		{2D2AD803-AD41-4C41-9AF7-7B89BCD536AE}.Debug|Any CPU.Build.0 = Debug|Any CPU
		{2D2AD803-AD41-4C41-9AF7-7B89BCD536AE}.Release|Any CPU.ActiveCfg = Release|Any CPU
		{2D2AD803-AD41-4C41-9AF7-7B89BCD536AE}.Release|Any CPU.Build.0 = Release|Any CPU
	EndGlobalSection
	GlobalSection(SolutionProperties) = preSolution
		HideSolutionNode = FALSE
	EndGlobalSection
	GlobalSection(ExtensibilityGlobals) = postSolution
		SolutionGuid = {54EEFE75-8FA3-43B9-8D3F-64D4DA5E065C}
	EndGlobalSection
EndGlobal
