
Microsoft Visual Studio Solution File, Format Version 12.00
# Visual Studio Version 17
VisualStudioVersion = 17.8.34316.72
MinimumVisualStudioVersion = 10.0.40219.1
Project("{FAE04EC0-301F-11D3-BF4B-00C04F79EFBC}") = "Pronia.MVC", "Pronia.MVC\Pronia.MVC.csproj", "{9A79C421-94B2-4C2E-A45D-F0442D1C05B4}"
EndProject
Project("{FAE04EC0-301F-11D3-BF4B-00C04F79EFBC}") = "Pronia.Core", "Pronia.Core\Pronia.Core.csproj", "{246393FA-69F6-497E-A2AB-EE2638CE7DC0}"
EndProject
Project("{FAE04EC0-301F-11D3-BF4B-00C04F79EFBC}") = "Pronia.DataAccess", "Pronia.DataAccess\Pronia.DataAccess.csproj", "{23BD61C3-0A56-483B-B7E5-4B6E70210B3C}"
EndProject
Global
	GlobalSection(SolutionConfigurationPlatforms) = preSolution
		Debug|Any CPU = Debug|Any CPU
		Release|Any CPU = Release|Any CPU
	EndGlobalSection
	GlobalSection(ProjectConfigurationPlatforms) = postSolution
		{9A79C421-94B2-4C2E-A45D-F0442D1C05B4}.Debug|Any CPU.ActiveCfg = Debug|Any CPU
		{9A79C421-94B2-4C2E-A45D-F0442D1C05B4}.Debug|Any CPU.Build.0 = Debug|Any CPU
		{9A79C421-94B2-4C2E-A45D-F0442D1C05B4}.Release|Any CPU.ActiveCfg = Release|Any CPU
		{9A79C421-94B2-4C2E-A45D-F0442D1C05B4}.Release|Any CPU.Build.0 = Release|Any CPU
		{246393FA-69F6-497E-A2AB-EE2638CE7DC0}.Debug|Any CPU.ActiveCfg = Debug|Any CPU
		{246393FA-69F6-497E-A2AB-EE2638CE7DC0}.Debug|Any CPU.Build.0 = Debug|Any CPU
		{246393FA-69F6-497E-A2AB-EE2638CE7DC0}.Release|Any CPU.ActiveCfg = Release|Any CPU
		{246393FA-69F6-497E-A2AB-EE2638CE7DC0}.Release|Any CPU.Build.0 = Release|Any CPU
		{23BD61C3-0A56-483B-B7E5-4B6E70210B3C}.Debug|Any CPU.ActiveCfg = Debug|Any CPU
		{23BD61C3-0A56-483B-B7E5-4B6E70210B3C}.Debug|Any CPU.Build.0 = Debug|Any CPU
		{23BD61C3-0A56-483B-B7E5-4B6E70210B3C}.Release|Any CPU.ActiveCfg = Release|Any CPU
		{23BD61C3-0A56-483B-B7E5-4B6E70210B3C}.Release|Any CPU.Build.0 = Release|Any CPU
	EndGlobalSection
	GlobalSection(SolutionProperties) = preSolution
		HideSolutionNode = FALSE
	EndGlobalSection
	GlobalSection(ExtensibilityGlobals) = postSolution
		SolutionGuid = {7F7D28F3-7324-4F29-A50B-1D857F8B909E}
	EndGlobalSection
EndGlobal
