
Microsoft Visual Studio Solution File, Format Version 12.00
# Visual Studio Version 17
VisualStudioVersion = 17.8.34316.72
MinimumVisualStudioVersion = 10.0.40219.1
Project("{FAE04EC0-301F-11D3-BF4B-00C04F79EFBC}") = "LabReflection", "LabReflection\LabReflection.csproj", "{1596B2C7-1F59-4500-9A38-ACD22EB0D3DD}"
EndProject
Project("{FAE04EC0-301F-11D3-BF4B-00C04F79EFBC}") = "LibraryForReflection", "LibraryForReflection\LibraryForReflection.csproj", "{3D80AE6F-49A6-4FD8-B8D6-BF4A99DF72AF}"
EndProject
Global
	GlobalSection(SolutionConfigurationPlatforms) = preSolution
		Debug|Any CPU = Debug|Any CPU
		Release|Any CPU = Release|Any CPU
	EndGlobalSection
	GlobalSection(ProjectConfigurationPlatforms) = postSolution
		{1596B2C7-1F59-4500-9A38-ACD22EB0D3DD}.Debug|Any CPU.ActiveCfg = Debug|Any CPU
		{1596B2C7-1F59-4500-9A38-ACD22EB0D3DD}.Debug|Any CPU.Build.0 = Debug|Any CPU
		{1596B2C7-1F59-4500-9A38-ACD22EB0D3DD}.Release|Any CPU.ActiveCfg = Release|Any CPU
		{1596B2C7-1F59-4500-9A38-ACD22EB0D3DD}.Release|Any CPU.Build.0 = Release|Any CPU
		{3D80AE6F-49A6-4FD8-B8D6-BF4A99DF72AF}.Debug|Any CPU.ActiveCfg = Debug|Any CPU
		{3D80AE6F-49A6-4FD8-B8D6-BF4A99DF72AF}.Debug|Any CPU.Build.0 = Debug|Any CPU
		{3D80AE6F-49A6-4FD8-B8D6-BF4A99DF72AF}.Release|Any CPU.ActiveCfg = Release|Any CPU
		{3D80AE6F-49A6-4FD8-B8D6-BF4A99DF72AF}.Release|Any CPU.Build.0 = Release|Any CPU
	EndGlobalSection
	GlobalSection(SolutionProperties) = preSolution
		HideSolutionNode = FALSE
	EndGlobalSection
	GlobalSection(ExtensibilityGlobals) = postSolution
		SolutionGuid = {B730D923-3882-4639-947E-B9003BDA52F3}
	EndGlobalSection
EndGlobal
